
Microsoft Visual Studio Solution File, Format Version 12.00
# Visual Studio Version 17
VisualStudioVersion = 17.7.34031.279
MinimumVisualStudioVersion = 10.0.40219.1
Project("{FAE04EC0-301F-11D3-BF4B-00C04F79EFBC}") = "login", "login.csproj", "{EE384832-EF68-4AC7-9E38-98A1967B0E8F}"
EndProject
Global
	GlobalSection(SolutionConfigurationPlatforms) = preSolution
		Debug|Any CPU = Debug|Any CPU
		Release|Any CPU = Release|Any CPU
	EndGlobalSection
	GlobalSection(ProjectConfigurationPlatforms) = postSolution
		{EE384832-EF68-4AC7-9E38-98A1967B0E8F}.Debug|Any CPU.ActiveCfg = Debug|Any CPU
		{EE384832-EF68-4AC7-9E38-98A1967B0E8F}.Debug|Any CPU.Build.0 = Debug|Any CPU
		{EE384832-EF68-4AC7-9E38-98A1967B0E8F}.Release|Any CPU.ActiveCfg = Release|Any CPU
		{EE384832-EF68-4AC7-9E38-98A1967B0E8F}.Release|Any CPU.Build.0 = Release|Any CPU
	EndGlobalSection
	GlobalSection(SolutionProperties) = preSolution
		HideSolutionNode = FALSE
	EndGlobalSection
	GlobalSection(ExtensibilityGlobals) = postSolution
		SolutionGuid = {72347B39-195C-4A20-95A0-C1E0F1E41A17}
	EndGlobalSection
EndGlobal
